
Microsoft Visual Studio Solution File, Format Version 12.00
# Visual Studio Version 17
VisualStudioVersion = 17.14.36908.2
MinimumVisualStudioVersion = 10.0.40219.1
Project("{FAE04EC0-301F-11D3-BF4B-00C04F79EFBC}") = "FManagement.Entities.QuangND", "FManagement.Entities.QuangND\FManagement.Entities.QuangND.csproj", "{9ACD11E1-46C4-39C3-E1AA-513667444E7E}"
EndProject
Project("{FAE04EC0-301F-11D3-BF4B-00C04F79EFBC}") = "FManagement.Repositories.QuangND", "FManagement.Repositories.QuangND\FManagement.Repositories.QuangND.csproj", "{286EE8A1-1FFA-FA74-3513-6E087CDAD690}"
EndProject
Project("{FAE04EC0-301F-11D3-BF4B-00C04F79EFBC}") = "FManagement.Services.QuangND", "FManagement.Services.QuangND\FManagement.Services.QuangND.csproj", "{2167C187-8AB5-5B3B-C9A3-B6F040FCBD3A}"
EndProject
Project("{FAE04EC0-301F-11D3-BF4B-00C04F79EFBC}") = "FManagement.WorkerService.QuangND", "FManagement.WorkerService.QuangND\FManagement.WorkerService.QuangND.csproj", "{332B097C-CC25-4450-A254-1C8D76CC87CC}"
EndProject
Global
	GlobalSection(SolutionConfigurationPlatforms) = preSolution
		Debug|Any CPU = Debug|Any CPU
		Release|Any CPU = Release|Any CPU
	EndGlobalSection
	GlobalSection(ProjectConfigurationPlatforms) = postSolution
		{9ACD11E1-46C4-39C3-E1AA-513667444E7E}.Debug|Any CPU.ActiveCfg = Debug|Any CPU
		{9ACD11E1-46C4-39C3-E1AA-513667444E7E}.Debug|Any CPU.Build.0 = Debug|Any CPU
		{9ACD11E1-46C4-39C3-E1AA-513667444E7E}.Release|Any CPU.ActiveCfg = Release|Any CPU
		{9ACD11E1-46C4-39C3-E1AA-513667444E7E}.Release|Any CPU.Build.0 = Release|Any CPU
		{286EE8A1-1FFA-FA74-3513-6E087CDAD690}.Debug|Any CPU.ActiveCfg = Debug|Any CPU
		{286EE8A1-1FFA-FA74-3513-6E087CDAD690}.Debug|Any CPU.Build.0 = Debug|Any CPU
		{286EE8A1-1FFA-FA74-3513-6E087CDAD690}.Release|Any CPU.ActiveCfg = Release|Any CPU
		{286EE8A1-1FFA-FA74-3513-6E087CDAD690}.Release|Any CPU.Build.0 = Release|Any CPU
		{2167C187-8AB5-5B3B-C9A3-B6F040FCBD3A}.Debug|Any CPU.ActiveCfg = Debug|Any CPU
		{2167C187-8AB5-5B3B-C9A3-B6F040FCBD3A}.Debug|Any CPU.Build.0 = Debug|Any CPU
		{2167C187-8AB5-5B3B-C9A3-B6F040FCBD3A}.Release|Any CPU.ActiveCfg = Release|Any CPU
		{2167C187-8AB5-5B3B-C9A3-B6F040FCBD3A}.Release|Any CPU.Build.0 = Release|Any CPU
		{332B097C-CC25-4450-A254-1C8D76CC87CC}.Debug|Any CPU.ActiveCfg = Debug|Any CPU
		{332B097C-CC25-4450-A254-1C8D76CC87CC}.Debug|Any CPU.Build.0 = Debug|Any CPU
		{332B097C-CC25-4450-A254-1C8D76CC87CC}.Release|Any CPU.ActiveCfg = Release|Any CPU
		{332B097C-CC25-4450-A254-1C8D76CC87CC}.Release|Any CPU.Build.0 = Release|Any CPU
	EndGlobalSection
	GlobalSection(SolutionProperties) = preSolution
		HideSolutionNode = FALSE
	EndGlobalSection
	GlobalSection(ExtensibilityGlobals) = postSolution
		SolutionGuid = {A669E8F5-B690-45EF-A1A1-036050110B96}
	EndGlobalSection
EndGlobal
